
Microsoft Visual Studio Solution File, Format Version 12.00
# Visual Studio Version 17
VisualStudioVersion = 17.7.34221.43
MinimumVisualStudioVersion = 10.0.40219.1
Project("{FAE04EC0-301F-11D3-BF4B-00C04F79EFBC}") = "EvalPro", "EvalPro\EvalPro.csproj", "{D730964C-D29A-4EA7-ADEC-15C23943DB2E}"
EndProject
Global
	GlobalSection(SolutionConfigurationPlatforms) = preSolution
		Debug|Any CPU = Debug|Any CPU
		Release|Any CPU = Release|Any CPU
	EndGlobalSection
	GlobalSection(ProjectConfigurationPlatforms) = postSolution
		{D730964C-D29A-4EA7-ADEC-15C23943DB2E}.Debug|Any CPU.ActiveCfg = Debug|Any CPU
		{D730964C-D29A-4EA7-ADEC-15C23943DB2E}.Debug|Any CPU.Build.0 = Debug|Any CPU
		{D730964C-D29A-4EA7-ADEC-15C23943DB2E}.Release|Any CPU.ActiveCfg = Release|Any CPU
		{D730964C-D29A-4EA7-ADEC-15C23943DB2E}.Release|Any CPU.Build.0 = Release|Any CPU
	EndGlobalSection
	GlobalSection(SolutionProperties) = preSolution
		HideSolutionNode = FALSE
	EndGlobalSection
	GlobalSection(ExtensibilityGlobals) = postSolution
		SolutionGuid = {19E8F2D4-765F-4A97-A674-0F2BE2A9C654}
	EndGlobalSection
EndGlobal
